
Microsoft Visual Studio Solution File, Format Version 12.00
# Visual Studio Version 16
VisualStudioVersion = 16.0.30717.126
MinimumVisualStudioVersion = 10.0.40219.1
Project("{FAE04EC0-301F-11D3-BF4B-00C04F79EFBC}") = "iconChage", "iconChage\iconChage.csproj", "{C83EE1E1-6E53-4C12-952C-6D243BD1E1B6}"
EndProject
Global
	GlobalSection(SolutionConfigurationPlatforms) = preSolution
		Debug|Any CPU = Debug|Any CPU
		Release|Any CPU = Release|Any CPU
	EndGlobalSection
	GlobalSection(ProjectConfigurationPlatforms) = postSolution
		{C83EE1E1-6E53-4C12-952C-6D243BD1E1B6}.Debug|Any CPU.ActiveCfg = Debug|Any CPU
		{C83EE1E1-6E53-4C12-952C-6D243BD1E1B6}.Debug|Any CPU.Build.0 = Debug|Any CPU
		{C83EE1E1-6E53-4C12-952C-6D243BD1E1B6}.Release|Any CPU.ActiveCfg = Release|Any CPU
		{C83EE1E1-6E53-4C12-952C-6D243BD1E1B6}.Release|Any CPU.Build.0 = Release|Any CPU
	EndGlobalSection
	GlobalSection(SolutionProperties) = preSolution
		HideSolutionNode = FALSE
	EndGlobalSection
	GlobalSection(ExtensibilityGlobals) = postSolution
		SolutionGuid = {ACC364E0-ECB1-40ED-AB8B-240223C576C9}
	EndGlobalSection
EndGlobal
